
Microsoft Visual Studio Solution File, Format Version 12.00
# Visual Studio Version 16
VisualStudioVersion = 16.0.29519.181
MinimumVisualStudioVersion = 10.0.40219.1
Project("{2150E333-8FDC-42A3-9474-1A3956D46DE8}") = "Src", "Src", "{8F7AD7B0-4ED4-4A55-BEB6-A0B52F31A459}"
EndProject
Project("{2150E333-8FDC-42A3-9474-1A3956D46DE8}") = "Core", "Core", "{1F30081F-3FD6-4ED5-93E7-FB08B35EB1C8}"
EndProject
Project("{2150E333-8FDC-42A3-9474-1A3956D46DE8}") = "Infraestructure", "Infraestructure", "{45D91D91-8FA1-4A30-86A2-8C7F0C2F9195}"
EndProject
Project("{2150E333-8FDC-42A3-9474-1A3956D46DE8}") = "Presentation", "Presentation", "{72AC5CB5-86F0-46E8-9B36-F64B09AAD55E}"
EndProject
Project("{9A19103F-16F7-4668-BE54-9A1E7A4F7556}") = "Application", "Application\Application.csproj", "{CB79AE09-D304-4788-9695-9DC3B3811913}"
EndProject
Project("{9A19103F-16F7-4668-BE54-9A1E7A4F7556}") = "Domain", "Domain\Domain.csproj", "{7611E145-D368-4FD1-B7CC-B7365D389316}"
EndProject
Project("{9A19103F-16F7-4668-BE54-9A1E7A4F7556}") = "Persistence", "Persistence\Persistence.csproj", "{F2C8877E-215C-4116-853C-980D8C00A5AB}"
EndProject
Project("{9A19103F-16F7-4668-BE54-9A1E7A4F7556}") = "Shared", "Shared\Shared.csproj", "{7317ADC4-10A4-4949-B016-2803C6C93424}"
EndProject
Project("{9A19103F-16F7-4668-BE54-9A1E7A4F7556}") = "WebAPI", "WebAPI\WebAPI.csproj", "{09C64EE0-9E70-41AF-8401-DE985B45D114}"
EndProject
Project("{FAE04EC0-301F-11D3-BF4B-00C04F79EFBC}") = "Identity", "Identity\Identity.csproj", "{107C9CEB-01FD-4EEF-B7D0-F7775E18EAF7}"
EndProject
Global
	GlobalSection(SolutionConfigurationPlatforms) = preSolution
		Debug|Any CPU = Debug|Any CPU
		Release|Any CPU = Release|Any CPU
	EndGlobalSection
	GlobalSection(ProjectConfigurationPlatforms) = postSolution
		{CB79AE09-D304-4788-9695-9DC3B3811913}.Debug|Any CPU.ActiveCfg = Debug|Any CPU
		{CB79AE09-D304-4788-9695-9DC3B3811913}.Debug|Any CPU.Build.0 = Debug|Any CPU
		{CB79AE09-D304-4788-9695-9DC3B3811913}.Release|Any CPU.ActiveCfg = Release|Any CPU
		{CB79AE09-D304-4788-9695-9DC3B3811913}.Release|Any CPU.Build.0 = Release|Any CPU
		{7611E145-D368-4FD1-B7CC-B7365D389316}.Debug|Any CPU.ActiveCfg = Debug|Any CPU
		{7611E145-D368-4FD1-B7CC-B7365D389316}.Debug|Any CPU.Build.0 = Debug|Any CPU
		{7611E145-D368-4FD1-B7CC-B7365D389316}.Release|Any CPU.ActiveCfg = Release|Any CPU
		{7611E145-D368-4FD1-B7CC-B7365D389316}.Release|Any CPU.Build.0 = Release|Any CPU
		{F2C8877E-215C-4116-853C-980D8C00A5AB}.Debug|Any CPU.ActiveCfg = Debug|Any CPU
		{F2C8877E-215C-4116-853C-980D8C00A5AB}.Debug|Any CPU.Build.0 = Debug|Any CPU
		{F2C8877E-215C-4116-853C-980D8C00A5AB}.Release|Any CPU.ActiveCfg = Release|Any CPU
		{F2C8877E-215C-4116-853C-980D8C00A5AB}.Release|Any CPU.Build.0 = Release|Any CPU
		{7317ADC4-10A4-4949-B016-2803C6C93424}.Debug|Any CPU.ActiveCfg = Debug|Any CPU
		{7317ADC4-10A4-4949-B016-2803C6C93424}.Debug|Any CPU.Build.0 = Debug|Any CPU
		{7317ADC4-10A4-4949-B016-2803C6C93424}.Release|Any CPU.ActiveCfg = Release|Any CPU
		{7317ADC4-10A4-4949-B016-2803C6C93424}.Release|Any CPU.Build.0 = Release|Any CPU
		{09C64EE0-9E70-41AF-8401-DE985B45D114}.Debug|Any CPU.ActiveCfg = Debug|Any CPU
		{09C64EE0-9E70-41AF-8401-DE985B45D114}.Debug|Any CPU.Build.0 = Debug|Any CPU
		{09C64EE0-9E70-41AF-8401-DE985B45D114}.Release|Any CPU.ActiveCfg = Release|Any CPU
		{09C64EE0-9E70-41AF-8401-DE985B45D114}.Release|Any CPU.Build.0 = Release|Any CPU
		{107C9CEB-01FD-4EEF-B7D0-F7775E18EAF7}.Debug|Any CPU.ActiveCfg = Debug|Any CPU
		{107C9CEB-01FD-4EEF-B7D0-F7775E18EAF7}.Debug|Any CPU.Build.0 = Debug|Any CPU
		{107C9CEB-01FD-4EEF-B7D0-F7775E18EAF7}.Release|Any CPU.ActiveCfg = Release|Any CPU
		{107C9CEB-01FD-4EEF-B7D0-F7775E18EAF7}.Release|Any CPU.Build.0 = Release|Any CPU
	EndGlobalSection
	GlobalSection(SolutionProperties) = preSolution
		HideSolutionNode = FALSE
	EndGlobalSection
	GlobalSection(NestedProjects) = preSolution
		{1F30081F-3FD6-4ED5-93E7-FB08B35EB1C8} = {8F7AD7B0-4ED4-4A55-BEB6-A0B52F31A459}
		{45D91D91-8FA1-4A30-86A2-8C7F0C2F9195} = {8F7AD7B0-4ED4-4A55-BEB6-A0B52F31A459}
		{72AC5CB5-86F0-46E8-9B36-F64B09AAD55E} = {8F7AD7B0-4ED4-4A55-BEB6-A0B52F31A459}
		{CB79AE09-D304-4788-9695-9DC3B3811913} = {1F30081F-3FD6-4ED5-93E7-FB08B35EB1C8}
		{7611E145-D368-4FD1-B7CC-B7365D389316} = {1F30081F-3FD6-4ED5-93E7-FB08B35EB1C8}
		{F2C8877E-215C-4116-853C-980D8C00A5AB} = {45D91D91-8FA1-4A30-86A2-8C7F0C2F9195}
		{7317ADC4-10A4-4949-B016-2803C6C93424} = {45D91D91-8FA1-4A30-86A2-8C7F0C2F9195}
		{09C64EE0-9E70-41AF-8401-DE985B45D114} = {72AC5CB5-86F0-46E8-9B36-F64B09AAD55E}
		{107C9CEB-01FD-4EEF-B7D0-F7775E18EAF7} = {45D91D91-8FA1-4A30-86A2-8C7F0C2F9195}
	EndGlobalSection
	GlobalSection(ExtensibilityGlobals) = postSolution
		SolutionGuid = {80B6DA2F-CA46-44C5-9833-68903F275BEA}
	EndGlobalSection
EndGlobal
